# THIS IS AN AUTOGENERATED FILE. DO NOT EDIT THIS FILE DIRECTLY.
# yarn lockfile v1


"@tonybadguy/call-me-maybe@^2.1.1":
  version "2.1.1"
  resolved "https://registry.yarnpkg.com/@tonybadguy/call-me-maybe/-/call-me-maybe-2.1.1.tgz#0758e4528e76ab1e17aef08ff96ab3304afa001d"
  dependencies:
    caseless "^0.11.0"
    error "^7.0.2"
    small-request "^2.1.0"
    string-template "^1.0.0"

caseless@^0.11.0:
  version "0.11.0"
  resolved "https://registry.yarnpkg.com/caseless/-/caseless-0.11.0.tgz#715b96ea9841593cc33067923f5ec60ebda4f7d7"

error@^7.0.2:
  version "7.0.2"
  resolved "https://registry.yarnpkg.com/error/-/error-7.0.2.tgz#a5f75fff4d9926126ddac0ea5dc38e689153cb02"
  dependencies:
    string-template "~0.2.1"
    xtend "~4.0.0"

request-function@^2.0.0:
  version "2.0.0"
  resolved "https://registry.yarnpkg.com/request-function/-/request-function-2.0.0.tgz#27aace27f871e3c2fd48a19dad75ca384c4b8654"
  dependencies:
    error "^7.0.2"

small-request@^2.1.0:
  version "2.1.0"
  resolved "https://registry.yarnpkg.com/small-request/-/small-request-2.1.0.tgz#b1015a5047ca140b0a23ab2e0403bbe8d136beb3"
  dependencies:
    request-function "^2.0.0"

string-template@^1.0.0:
  version "1.0.0"
  resolved "https://registry.yarnpkg.com/string-template/-/string-template-1.0.0.tgz#9e9f2233dc00f218718ec379a28a5673ecca8b96"

string-template@~0.2.1:
  version "0.2.1"
  resolved "https://registry.yarnpkg.com/string-template/-/string-template-0.2.1.tgz#42932e598a352d01fc22ec3367d9d84eec6c9add"

xtend@~4.0.0:
  version "4.0.1"
  resolved "https://registry.yarnpkg.com/xtend/-/xtend-4.0.1.tgz#a5c6d532be656e23db820efb943a1f04998d63af"

ya-csv@^0.10.1:
  version "0.10.1"
  resolved "https://registry.yarnpkg.com/ya-csv/-/ya-csv-0.10.1.tgz#5f6edc2858ee59056d7821aae4eb51d0d3bbda06"

yelp-fusion@^2.2.1:
  version "2.2.1"
  resolved "https://registry.yarnpkg.com/yelp-fusion/-/yelp-fusion-2.2.1.tgz#3433d90f32cd7d62a8e0518e2c3a83cc6bd13c3d"
  dependencies:
    "@tonybadguy/call-me-maybe" "^2.1.1"
